
Microsoft Visual Studio Solution File, Format Version 12.00
# Visual Studio 15
Project("{FAE04EC0-301F-11D3-BF4B-00C04F79EFBC}") = "Assembly-CSharp", "Assembly-CSharp.csproj", "{5B6AD88C-1BE5-7D9D-3488-CC8040E0A811}"
EndProject
Global
	GlobalSection(SolutionConfigurationPlatforms) = preSolution
		Debug|Any CPU = Debug|Any CPU
		Release|Any CPU = Release|Any CPU
	EndGlobalSection
	GlobalSection(ProjectConfigurationPlatforms) = postSolution
		{5B6AD88C-1BE5-7D9D-3488-CC8040E0A811}.Debug|Any CPU.ActiveCfg = Debug|Any CPU
		{5B6AD88C-1BE5-7D9D-3488-CC8040E0A811}.Debug|Any CPU.Build.0 = Debug|Any CPU
		{5B6AD88C-1BE5-7D9D-3488-CC8040E0A811}.Release|Any CPU.ActiveCfg = Release|Any CPU
		{5B6AD88C-1BE5-7D9D-3488-CC8040E0A811}.Release|Any CPU.Build.0 = Release|Any CPU
	EndGlobalSection
	GlobalSection(SolutionProperties) = preSolution
		HideSolutionNode = FALSE
	EndGlobalSection
EndGlobal
